
Microsoft Visual Studio Solution File, Format Version 12.00
# Visual Studio Version 16
VisualStudioVersion = 16.0.31205.134
MinimumVisualStudioVersion = 10.0.40219.1
Project("{FAE04EC0-301F-11D3-BF4B-00C04F79EFBC}") = "WindowsFormsApp5", "WindowsFormsApp5\WindowsFormsApp5.csproj", "{8E03F281-0F8C-47D4-B965-A0E4850836E7}"
EndProject
Global
	GlobalSection(SolutionConfigurationPlatforms) = preSolution
		Debug|Any CPU = Debug|Any CPU
		Release|Any CPU = Release|Any CPU
	EndGlobalSection
	GlobalSection(ProjectConfigurationPlatforms) = postSolution
		{8E03F281-0F8C-47D4-B965-A0E4850836E7}.Debug|Any CPU.ActiveCfg = Debug|Any CPU
		{8E03F281-0F8C-47D4-B965-A0E4850836E7}.Debug|Any CPU.Build.0 = Debug|Any CPU
		{8E03F281-0F8C-47D4-B965-A0E4850836E7}.Release|Any CPU.ActiveCfg = Release|Any CPU
		{8E03F281-0F8C-47D4-B965-A0E4850836E7}.Release|Any CPU.Build.0 = Release|Any CPU
	EndGlobalSection
	GlobalSection(SolutionProperties) = preSolution
		HideSolutionNode = FALSE
	EndGlobalSection
	GlobalSection(ExtensibilityGlobals) = postSolution
		SolutionGuid = {04570F1A-9BC1-435D-9A01-531785F2C40F}
	EndGlobalSection
EndGlobal
